
Microsoft Visual Studio Solution File, Format Version 12.00
# Visual Studio Version 17
VisualStudioVersion = 17.3.32505.426
MinimumVisualStudioVersion = 10.0.40219.1
Project("{9A19103F-16F7-4668-BE54-9A1E7A4F7556}") = "T2Lc", "T2Lc\T2Lc.csproj", "{EB51A21B-1CC5-4089-89AA-C494A249E054}"
	ProjectSection(ProjectDependencies) = postProject
		{2C128DBD-AEE2-4E3D-B3B1-A3A7A2EE05BB} = {2C128DBD-AEE2-4E3D-B3B1-A3A7A2EE05BB}
	EndProjectSection
EndProject
Project("{FAE04EC0-301F-11D3-BF4B-00C04F79EFBC}") = "T2L", "T2L\T2L.csproj", "{2C128DBD-AEE2-4E3D-B3B1-A3A7A2EE05BB}"
EndProject
Project("{FAE04EC0-301F-11D3-BF4B-00C04F79EFBC}") = "Tests", "Tests\Tests.csproj", "{3AA49106-95B8-44F1-B748-6B649FCA0683}"
	ProjectSection(ProjectDependencies) = postProject
		{2C128DBD-AEE2-4E3D-B3B1-A3A7A2EE05BB} = {2C128DBD-AEE2-4E3D-B3B1-A3A7A2EE05BB}
		{EB51A21B-1CC5-4089-89AA-C494A249E054} = {EB51A21B-1CC5-4089-89AA-C494A249E054}
	EndProjectSection
EndProject
Project("{2150E333-8FDC-42A3-9474-1A3956D46DE8}") = "Solution Items", "Solution Items", "{B57CED14-0A1C-4D8D-8319-9BECBB153657}"
	ProjectSection(SolutionItems) = preProject
		.editorconfig = .editorconfig
	EndProjectSection
EndProject
Global
	GlobalSection(SolutionConfigurationPlatforms) = preSolution
		Debug|Any CPU = Debug|Any CPU
		Release|Any CPU = Release|Any CPU
	EndGlobalSection
	GlobalSection(ProjectConfigurationPlatforms) = postSolution
		{EB51A21B-1CC5-4089-89AA-C494A249E054}.Debug|Any CPU.ActiveCfg = Debug|Any CPU
		{EB51A21B-1CC5-4089-89AA-C494A249E054}.Debug|Any CPU.Build.0 = Debug|Any CPU
		{EB51A21B-1CC5-4089-89AA-C494A249E054}.Release|Any CPU.ActiveCfg = Release|Any CPU
		{EB51A21B-1CC5-4089-89AA-C494A249E054}.Release|Any CPU.Build.0 = Release|Any CPU
		{2C128DBD-AEE2-4E3D-B3B1-A3A7A2EE05BB}.Debug|Any CPU.ActiveCfg = Debug|Any CPU
		{2C128DBD-AEE2-4E3D-B3B1-A3A7A2EE05BB}.Debug|Any CPU.Build.0 = Debug|Any CPU
		{2C128DBD-AEE2-4E3D-B3B1-A3A7A2EE05BB}.Release|Any CPU.ActiveCfg = Release|Any CPU
		{2C128DBD-AEE2-4E3D-B3B1-A3A7A2EE05BB}.Release|Any CPU.Build.0 = Release|Any CPU
		{3AA49106-95B8-44F1-B748-6B649FCA0683}.Debug|Any CPU.ActiveCfg = Debug|Any CPU
		{3AA49106-95B8-44F1-B748-6B649FCA0683}.Debug|Any CPU.Build.0 = Debug|Any CPU
		{3AA49106-95B8-44F1-B748-6B649FCA0683}.Release|Any CPU.ActiveCfg = Release|Any CPU
		{3AA49106-95B8-44F1-B748-6B649FCA0683}.Release|Any CPU.Build.0 = Release|Any CPU
	EndGlobalSection
	GlobalSection(SolutionProperties) = preSolution
		HideSolutionNode = FALSE
	EndGlobalSection
	GlobalSection(ExtensibilityGlobals) = postSolution
		SolutionGuid = {85F4341E-CF2A-42B5-B749-47C1DF915776}
	EndGlobalSection
EndGlobal
